
Microsoft Visual Studio Solution File, Format Version 12.00
# Visual Studio Version 17
VisualStudioVersion = 17.0.32014.148
MinimumVisualStudioVersion = 10.0.40219.1
Project("{9092AA53-FB77-4645-B42D-1CCCA6BD08BD}") = "ExpressApp", "ExpressApp\ExpressApp.njsproj", "{B1F9767C-E803-4955-B70E-A02CF2C97DAC}"
EndProject
Project("{9A19103F-16F7-4668-BE54-9A1E7A4F7556}") = "NetCoreApplication", "NetCoreApplication\NetCoreApplication.csproj", "{A9FC6751-87B3-4DEF-A979-1B40736E9AAA}"
EndProject
Project("{E53339B2-1760-4266-BCC7-CA923CBCF16C}") = "docker-compose", "docker-compose.dcproj", "{CDB53638-9BC4-4A7F-8B24-8AFA4576F5EE}"
EndProject
Project("{9A19103F-16F7-4668-BE54-9A1E7A4F7556}") = "ConsoleApp1", "ConsoleApp1\ConsoleApp1.csproj", "{822CC392-92B6-4552-B6FE-18ECDE85E55E}"
EndProject
Project("{9A19103F-16F7-4668-BE54-9A1E7A4F7556}") = "ConsoleApp2", "ConsoleApp2\ConsoleApp2.csproj", "{C713916A-7660-4B23-8A1B-59FDCD7E3EE4}"
EndProject
Project("{9A19103F-16F7-4668-BE54-9A1E7A4F7556}") = "Firmus.Protobuf.Messages", "Firmus.Protobuf.Messages\Firmus.Protobuf.Messages.csproj", "{81FCC6C8-F931-446F-B790-8F60297DA148}"
EndProject
Project("{2150E333-8FDC-42A3-9474-1A3956D46DE8}") = "Solution", "Solution", "{166B5A66-7776-4102-9B36-8C3CB0181290}"
	ProjectSection(SolutionItems) = preProject
		redis.conf = redis.conf
	EndProjectSection
EndProject
Global
	GlobalSection(SolutionConfigurationPlatforms) = preSolution
		Debug|Any CPU = Debug|Any CPU
		Release|Any CPU = Release|Any CPU
	EndGlobalSection
	GlobalSection(ProjectConfigurationPlatforms) = postSolution
		{B1F9767C-E803-4955-B70E-A02CF2C97DAC}.Debug|Any CPU.ActiveCfg = Debug|Any CPU
		{B1F9767C-E803-4955-B70E-A02CF2C97DAC}.Release|Any CPU.ActiveCfg = Release|Any CPU
		{A9FC6751-87B3-4DEF-A979-1B40736E9AAA}.Debug|Any CPU.ActiveCfg = Debug|Any CPU
		{A9FC6751-87B3-4DEF-A979-1B40736E9AAA}.Debug|Any CPU.Build.0 = Debug|Any CPU
		{A9FC6751-87B3-4DEF-A979-1B40736E9AAA}.Release|Any CPU.ActiveCfg = Release|Any CPU
		{A9FC6751-87B3-4DEF-A979-1B40736E9AAA}.Release|Any CPU.Build.0 = Release|Any CPU
		{CDB53638-9BC4-4A7F-8B24-8AFA4576F5EE}.Debug|Any CPU.ActiveCfg = Debug|Any CPU
		{CDB53638-9BC4-4A7F-8B24-8AFA4576F5EE}.Debug|Any CPU.Build.0 = Debug|Any CPU
		{CDB53638-9BC4-4A7F-8B24-8AFA4576F5EE}.Release|Any CPU.ActiveCfg = Debug|Any CPU
		{CDB53638-9BC4-4A7F-8B24-8AFA4576F5EE}.Release|Any CPU.Build.0 = Debug|Any CPU
		{822CC392-92B6-4552-B6FE-18ECDE85E55E}.Debug|Any CPU.ActiveCfg = Debug|Any CPU
		{822CC392-92B6-4552-B6FE-18ECDE85E55E}.Debug|Any CPU.Build.0 = Debug|Any CPU
		{822CC392-92B6-4552-B6FE-18ECDE85E55E}.Release|Any CPU.ActiveCfg = Release|Any CPU
		{822CC392-92B6-4552-B6FE-18ECDE85E55E}.Release|Any CPU.Build.0 = Release|Any CPU
		{C713916A-7660-4B23-8A1B-59FDCD7E3EE4}.Debug|Any CPU.ActiveCfg = Debug|Any CPU
		{C713916A-7660-4B23-8A1B-59FDCD7E3EE4}.Debug|Any CPU.Build.0 = Debug|Any CPU
		{C713916A-7660-4B23-8A1B-59FDCD7E3EE4}.Release|Any CPU.ActiveCfg = Release|Any CPU
		{C713916A-7660-4B23-8A1B-59FDCD7E3EE4}.Release|Any CPU.Build.0 = Release|Any CPU
		{81FCC6C8-F931-446F-B790-8F60297DA148}.Debug|Any CPU.ActiveCfg = Debug|Any CPU
		{81FCC6C8-F931-446F-B790-8F60297DA148}.Debug|Any CPU.Build.0 = Debug|Any CPU
		{81FCC6C8-F931-446F-B790-8F60297DA148}.Release|Any CPU.ActiveCfg = Release|Any CPU
		{81FCC6C8-F931-446F-B790-8F60297DA148}.Release|Any CPU.Build.0 = Release|Any CPU
	EndGlobalSection
	GlobalSection(SolutionProperties) = preSolution
		HideSolutionNode = FALSE
	EndGlobalSection
	GlobalSection(ExtensibilityGlobals) = postSolution
		SolutionGuid = {B4157DDD-0A4B-461D-9B2B-248B4BF8579A}
	EndGlobalSection
EndGlobal
